
Microsoft Visual Studio Solution File, Format Version 12.00
# Visual Studio Version 17
VisualStudioVersion = 17.5.33627.172
MinimumVisualStudioVersion = 10.0.40219.1
Project("{FAE04EC0-301F-11D3-BF4B-00C04F79EFBC}") = "Exercício5", "Exercício5\Exercício5.csproj", "{8A5691E3-073A-47B6-9A24-034A8400913C}"
EndProject
Global
	GlobalSection(SolutionConfigurationPlatforms) = preSolution
		Debug|Any CPU = Debug|Any CPU
		Release|Any CPU = Release|Any CPU
	EndGlobalSection
	GlobalSection(ProjectConfigurationPlatforms) = postSolution
		{8A5691E3-073A-47B6-9A24-034A8400913C}.Debug|Any CPU.ActiveCfg = Debug|Any CPU
		{8A5691E3-073A-47B6-9A24-034A8400913C}.Debug|Any CPU.Build.0 = Debug|Any CPU
		{8A5691E3-073A-47B6-9A24-034A8400913C}.Release|Any CPU.ActiveCfg = Release|Any CPU
		{8A5691E3-073A-47B6-9A24-034A8400913C}.Release|Any CPU.Build.0 = Release|Any CPU
	EndGlobalSection
	GlobalSection(SolutionProperties) = preSolution
		HideSolutionNode = FALSE
	EndGlobalSection
	GlobalSection(ExtensibilityGlobals) = postSolution
		SolutionGuid = {25E21BBC-6E0B-45AA-8DAC-E92F1AE77ABE}
	EndGlobalSection
EndGlobal
